// !$*UTF8*$!
{
	archiveVersion = 1;
	classes = {
	};
	objectVersion = 46;
	objects = {

/* Begin PBXBuildFile section */
		6F3871121E8A687B0019A1E7 /* AppDelegate.swift in Sources */ = {isa = PBXBuildFile; fileRef = 6F3871111E8A687B0019A1E7 /* AppDelegate.swift */; };
		6F3871141E8A687B0019A1E7 /* LanguageViewController.swift in Sources */ = {isa = PBXBuildFile; fileRef = 6F3871131E8A687B0019A1E7 /* LanguageViewController.swift */; };
		6F3871171E8A687B0019A1E7 /* Main.storyboard in Resources */ = {isa = PBXBuildFile; fileRef = 6F3871151E8A687B0019A1E7 /* Main.storyboard */; };
		6F3871191E8A687B0019A1E7 /* Assets.xcassets in Resources */ = {isa = PBXBuildFile; fileRef = 6F3871181E8A687B0019A1E7 /* Assets.xcassets */; };
		6F38711C1E8A687B0019A1E7 /* LaunchScreen.storyboard in Resources */ = {isa = PBXBuildFile; fileRef = 6F38711A1E8A687B0019A1E7 /* LaunchScreen.storyboard */; };
		6F3871261E8A6D550019A1E7 /* TableViewController.swift in Sources */ = {isa = PBXBuildFile; fileRef = 6F3871251E8A6D550019A1E7 /* TableViewController.swift */; };
		6F3871341E8D1D830019A1E7 /* HitTestViewController.swift in Sources */ = {isa = PBXBuildFile; fileRef = 6F3871331E8D1D830019A1E7 /* HitTestViewController.swift */; };
		6F3871371E8E4BD80019A1E7 /* DynamicBindViewController.swift in Sources */ = {isa = PBXBuildFile; fileRef = 6F3871361E8E4BD80019A1E7 /* DynamicBindViewController.swift */; };
		6F3871391E8E556B0019A1E7 /* XibTestView.swift in Sources */ = {isa = PBXBuildFile; fileRef = 6F3871381E8E556B0019A1E7 /* XibTestView.swift */; };
		6F38713B1E8E557A0019A1E7 /* XibTestView.xib in Resources */ = {isa = PBXBuildFile; fileRef = 6F38713A1E8E557A0019A1E7 /* XibTestView.xib */; };
		6F38713D1E8E59000019A1E7 /* LifeCycleViewController.swift in Sources */ = {isa = PBXBuildFile; fileRef = 6F38713C1E8E59000019A1E7 /* LifeCycleViewController.swift */; };
		6F5CCC581E962E02000A829D /* LanguageViewControllerTwo.swift in Sources */ = {isa = PBXBuildFile; fileRef = 6F5CCC571E962E02000A829D /* LanguageViewControllerTwo.swift */; };
		6F5CCC601E973A2A000A829D /* GxqShareDemoTests.swift in Sources */ = {isa = PBXBuildFile; fileRef = 6F5CCC5F1E973A2A000A829D /* GxqShareDemoTests.swift */; };
		FDC7CB1A57D4B5CE079544E7 /* Pods_GxqShareDemo.framework in Frameworks */ = {isa = PBXBuildFile; fileRef = 19CD5B1D63FCF66689E0BAC1 /* Pods_GxqShareDemo.framework */; };
/* End PBXBuildFile section */

/* Begin PBXContainerItemProxy section */
		6F5CCC621E973A2A000A829D /* PBXContainerItemProxy */ = {
			isa = PBXContainerItemProxy;
			containerPortal = 6F3871061E8A687B0019A1E7 /* Project object */;
			proxyType = 1;
			remoteGlobalIDString = 6F38710D1E8A687B0019A1E7;
			remoteInfo = GxqShareDemo;
		};
/* End PBXContainerItemProxy section */

/* Begin PBXFileReference section */
		19CD5B1D63FCF66689E0BAC1 /* Pods_GxqShareDemo.framework */ = {isa = PBXFileReference; explicitFileType = wrapper.framework; includeInIndex = 0; path = Pods_GxqShareDemo.framework; sourceTree = BUILT_PRODUCTS_DIR; };
		6F38710E1E8A687B0019A1E7 /* GxqShareDemo.app */ = {isa = PBXFileReference; explicitFileType = wrapper.application; includeInIndex = 0; path = GxqShareDemo.app; sourceTree = BUILT_PRODUCTS_DIR; };
		6F3871111E8A687B0019A1E7 /* AppDelegate.swift */ = {isa = PBXFileReference; lastKnownFileType = sourcecode.swift; path = AppDelegate.swift; sourceTree = "<group>"; };
		6F3871131E8A687B0019A1E7 /* LanguageViewController.swift */ = {isa = PBXFileReference; lastKnownFileType = sourcecode.swift; path = LanguageViewController.swift; sourceTree = "<group>"; };
		6F3871161E8A687B0019A1E7 /* Base */ = {isa = PBXFileReference; lastKnownFileType = file.storyboard; name = Base; path = Base.lproj/Main.storyboard; sourceTree = "<group>"; };
		6F3871181E8A687B0019A1E7 /* Assets.xcassets */ = {isa = PBXFileReference; lastKnownFileType = folder.assetcatalog; path = Assets.xcassets; sourceTree = "<group>"; };
		6F38711B1E8A687B0019A1E7 /* Base */ = {isa = PBXFileReference; lastKnownFileType = file.storyboard; name = Base; path = Base.lproj/LaunchScreen.storyboard; sourceTree = "<group>"; };
		6F38711D1E8A687B0019A1E7 /* Info.plist */ = {isa = PBXFileReference; lastKnownFileType = text.plist.xml; path = Info.plist; sourceTree = "<group>"; };
		6F3871251E8A6D550019A1E7 /* TableViewController.swift */ = {isa = PBXFileReference; fileEncoding = 4; lastKnownFileType = sourcecode.swift; path = TableViewController.swift; sourceTree = "<group>"; };
		6F3871331E8D1D830019A1E7 /* HitTestViewController.swift */ = {isa = PBXFileReference; fileEncoding = 4; lastKnownFileType = sourcecode.swift; path = HitTestViewController.swift; sourceTree = "<group>"; };
		6F3871361E8E4BD80019A1E7 /* DynamicBindViewController.swift */ = {isa = PBXFileReference; fileEncoding = 4; lastKnownFileType = sourcecode.swift; path = DynamicBindViewController.swift; sourceTree = "<group>"; };
		6F3871381E8E556B0019A1E7 /* XibTestView.swift */ = {isa = PBXFileReference; fileEncoding = 4; lastKnownFileType = sourcecode.swift; path = XibTestView.swift; sourceTree = "<group>"; };
		6F38713A1E8E557A0019A1E7 /* XibTestView.xib */ = {isa = PBXFileReference; fileEncoding = 4; lastKnownFileType = file.xib; path = XibTestView.xib; sourceTree = "<group>"; };
		6F38713C1E8E59000019A1E7 /* LifeCycleViewController.swift */ = {isa = PBXFileReference; fileEncoding = 4; lastKnownFileType = sourcecode.swift; path = LifeCycleViewController.swift; sourceTree = "<group>"; };
		6F5CCC571E962E02000A829D /* LanguageViewControllerTwo.swift */ = {isa = PBXFileReference; fileEncoding = 4; lastKnownFileType = sourcecode.swift; path = LanguageViewControllerTwo.swift; sourceTree = "<group>"; };
		6F5CCC5D1E973A2A000A829D /* GxqShareDemoTests.xctest */ = {isa = PBXFileReference; explicitFileType = wrapper.cfbundle; includeInIndex = 0; path = GxqShareDemoTests.xctest; sourceTree = BUILT_PRODUCTS_DIR; };
		6F5CCC5F1E973A2A000A829D /* GxqShareDemoTests.swift */ = {isa = PBXFileReference; lastKnownFileType = sourcecode.swift; path = GxqShareDemoTests.swift; sourceTree = "<group>"; };
		6F5CCC611E973A2A000A829D /* Info.plist */ = {isa = PBXFileReference; lastKnownFileType = text.plist.xml; path = Info.plist; sourceTree = "<group>"; };
		7996BFBA0EAD81087CDA30A6 /* Pods-GxqShareDemo.debug.xcconfig */ = {isa = PBXFileReference; includeInIndex = 1; lastKnownFileType = text.xcconfig; name = "Pods-GxqShareDemo.debug.xcconfig"; path = "Pods/Target Support Files/Pods-GxqShareDemo/Pods-GxqShareDemo.debug.xcconfig"; sourceTree = "<group>"; };
		EDDC198574E09BA832223670 /* Pods-GxqShareDemo.release.xcconfig */ = {isa = PBXFileReference; includeInIndex = 1; lastKnownFileType = text.xcconfig; name = "Pods-GxqShareDemo.release.xcconfig"; path = "Pods/Target Support Files/Pods-GxqShareDemo/Pods-GxqShareDemo.release.xcconfig"; sourceTree = "<group>"; };
/* End PBXFileReference section */

/* Begin PBXFrameworksBuildPhase section */
		6F38710B1E8A687B0019A1E7 /* Frameworks */ = {
			isa = PBXFrameworksBuildPhase;
			buildActionMask = 2147483647;
			files = (
				FDC7CB1A57D4B5CE079544E7 /* Pods_GxqShareDemo.framework in Frameworks */,
			);
			runOnlyForDeploymentPostprocessing = 0;
		};
		6F5CCC5A1E973A2A000A829D /* Frameworks */ = {
			isa = PBXFrameworksBuildPhase;
			buildActionMask = 2147483647;
			files = (
			);
			runOnlyForDeploymentPostprocessing = 0;
		};
/* End PBXFrameworksBuildPhase section */

/* Begin PBXGroup section */
		13ADB7FB6CA5BA431B57330D /* Pods */ = {
			isa = PBXGroup;
			children = (
				7996BFBA0EAD81087CDA30A6 /* Pods-GxqShareDemo.debug.xcconfig */,
				EDDC198574E09BA832223670 /* Pods-GxqShareDemo.release.xcconfig */,
			);
			name = Pods;
			sourceTree = "<group>";
		};
		6628E6103F1A5442FFA22E84 /* Frameworks */ = {
			isa = PBXGroup;
			children = (
				19CD5B1D63FCF66689E0BAC1 /* Pods_GxqShareDemo.framework */,
			);
			name = Frameworks;
			sourceTree = "<group>";
		};
		6F3871051E8A687B0019A1E7 = {
			isa = PBXGroup;
			children = (
				6F3871101E8A687B0019A1E7 /* GxqShareDemo */,
				6F5CCC5E1E973A2A000A829D /* GxqShareDemoTests */,
				6F38710F1E8A687B0019A1E7 /* Products */,
				13ADB7FB6CA5BA431B57330D /* Pods */,
				6628E6103F1A5442FFA22E84 /* Frameworks */,
			);
			sourceTree = "<group>";
		};
		6F38710F1E8A687B0019A1E7 /* Products */ = {
			isa = PBXGroup;
			children = (
				6F38710E1E8A687B0019A1E7 /* GxqShareDemo.app */,
				6F5CCC5D1E973A2A000A829D /* GxqShareDemoTests.xctest */,
			);
			name = Products;
			sourceTree = "<group>";
		};
		6F3871101E8A687B0019A1E7 /* GxqShareDemo */ = {
			isa = PBXGroup;
			children = (
				6F3871111E8A687B0019A1E7 /* AppDelegate.swift */,
				6F3871131E8A687B0019A1E7 /* LanguageViewController.swift */,
				6F5CCC571E962E02000A829D /* LanguageViewControllerTwo.swift */,
				6F3871251E8A6D550019A1E7 /* TableViewController.swift */,
				6F3871331E8D1D830019A1E7 /* HitTestViewController.swift */,
				6F3871361E8E4BD80019A1E7 /* DynamicBindViewController.swift */,
				6F38713C1E8E59000019A1E7 /* LifeCycleViewController.swift */,
				6F3871151E8A687B0019A1E7 /* Main.storyboard */,
				6F3871181E8A687B0019A1E7 /* Assets.xcassets */,
				6F38711A1E8A687B0019A1E7 /* LaunchScreen.storyboard */,
				6F38711D1E8A687B0019A1E7 /* Info.plist */,
				6F3871381E8E556B0019A1E7 /* XibTestView.swift */,
				6F38713A1E8E557A0019A1E7 /* XibTestView.xib */,
			);
			path = GxqShareDemo;
			sourceTree = "<group>";
		};
		6F5CCC5E1E973A2A000A829D /* GxqShareDemoTests */ = {
			isa = PBXGroup;
			children = (
				6F5CCC5F1E973A2A000A829D /* GxqShareDemoTests.swift */,
				6F5CCC611E973A2A000A829D /* Info.plist */,
			);
			path = GxqShareDemoTests;
			sourceTree = "<group>";
		};
/* End PBXGroup section */

/* Begin PBXNativeTarget section */
		6F38710D1E8A687B0019A1E7 /* GxqShareDemo */ = {
			isa = PBXNativeTarget;
			buildConfigurationList = 6F3871201E8A687B0019A1E7 /* Build configuration list for PBXNativeTarget "GxqShareDemo" */;
			buildPhases = (
				058682316ED431B952BA6D10 /* [CP] Check Pods Manifest.lock */,
				6F38710A1E8A687B0019A1E7 /* Sources */,
				6F38710B1E8A687B0019A1E7 /* Frameworks */,
				6F38710C1E8A687B0019A1E7 /* Resources */,
				1903D12EEA186D5DEF52E83E /* [CP] Embed Pods Frameworks */,
				8C526F817B63538DE10C61E6 /* [CP] Copy Pods Resources */,
			);
			buildRules = (
			);
			dependencies = (
			);
			name = GxqShareDemo;
			productName = GxqShareDemo;
			productReference = 6F38710E1E8A687B0019A1E7 /* GxqShareDemo.app */;
			productType = "com.apple.product-type.application";
		};
		6F5CCC5C1E973A2A000A829D /* GxqShareDemoTests */ = {
			isa = PBXNativeTarget;
			buildConfigurationList = 6F5CCC661E973A2A000A829D /* Build configuration list for PBXNativeTarget "GxqShareDemoTests" */;
			buildPhases = (
				6F5CCC591E973A2A000A829D /* Sources */,
				6F5CCC5A1E973A2A000A829D /* Frameworks */,
				6F5CCC5B1E973A2A000A829D /* Resources */,
			);
			buildRules = (
			);
			dependencies = (
				6F5CCC631E973A2A000A829D /* PBXTargetDependency */,
			);
			name = GxqShareDemoTests;
			productName = GxqShareDemoTests;
			productReference = 6F5CCC5D1E973A2A000A829D /* GxqShareDemoTests.xctest */;
			productType = "com.apple.product-type.bundle.unit-test";
		};
/* End PBXNativeTarget section */

/* Begin PBXProject section */
		6F3871061E8A687B0019A1E7 /* Project object */ = {
			isa = PBXProject;
			attributes = {
				LastSwiftUpdateCheck = 0820;
				LastUpgradeCheck = 0820;
				ORGANIZATIONNAME = com.yang;
				TargetAttributes = {
					6F38710D1E8A687B0019A1E7 = {
						CreatedOnToolsVersion = 8.2.1;
						ProvisioningStyle = Automatic;
					};
					6F5CCC5C1E973A2A000A829D = {
						CreatedOnToolsVersion = 8.2.1;
						ProvisioningStyle = Automatic;
						TestTargetID = 6F38710D1E8A687B0019A1E7;
					};
				};
			};
			buildConfigurationList = 6F3871091E8A687B0019A1E7 /* Build configuration list for PBXProject "GxqShareDemo" */;
			compatibilityVersion = "Xcode 3.2";
			developmentRegion = English;
			hasScannedForEncodings = 0;
			knownRegions = (
				en,
				Base,
			);
			mainGroup = 6F3871051E8A687B0019A1E7;
			productRefGroup = 6F38710F1E8A687B0019A1E7 /* Products */;
			projectDirPath = "";
			projectRoot = "";
			targets = (
				6F38710D1E8A687B0019A1E7 /* GxqShareDemo */,
				6F5CCC5C1E973A2A000A829D /* GxqShareDemoTests */,
			);
		};
/* End PBXProject section */

/* Begin PBXResourcesBuildPhase section */
		6F38710C1E8A687B0019A1E7 /* Resources */ = {
			isa = PBXResourcesBuildPhase;
			buildActionMask = 2147483647;
			files = (
				6F38711C1E8A687B0019A1E7 /* LaunchScreen.storyboard in Resources */,
				6F3871191E8A687B0019A1E7 /* Assets.xcassets in Resources */,
				6F38713B1E8E557A0019A1E7 /* XibTestView.xib in Resources */,
				6F3871171E8A687B0019A1E7 /* Main.storyboard in Resources */,
			);
			runOnlyForDeploymentPostprocessing = 0;
		};
		6F5CCC5B1E973A2A000A829D /* Resources */ = {
			isa = PBXResourcesBuildPhase;
			buildActionMask = 2147483647;
			files = (
			);
			runOnlyForDeploymentPostprocessing = 0;
		};
/* End PBXResourcesBuildPhase section */

/* Begin PBXShellScriptBuildPhase section */
		058682316ED431B952BA6D10 /* [CP] Check Pods Manifest.lock */ = {
			isa = PBXShellScriptBuildPhase;
			buildActionMask = 2147483647;
			files = (
			);
			inputPaths = (
			);
			name = "[CP] Check Pods Manifest.lock";
			outputPaths = (
			);
			runOnlyForDeploymentPostprocessing = 0;
			shellPath = /bin/sh;
			shellScript = "diff \"${PODS_ROOT}/../Podfile.lock\" \"${PODS_ROOT}/Manifest.lock\" > /dev/null\nif [ $? != 0 ] ; then\n    # print error to STDERR\n    echo \"error: The sandbox is not in sync with the Podfile.lock. Run 'pod install' or update your CocoaPods installation.\" >&2\n    exit 1\nfi\n";
			showEnvVarsInLog = 0;
		};
		1903D12EEA186D5DEF52E83E /* [CP] Embed Pods Frameworks */ = {
			isa = PBXShellScriptBuildPhase;
			buildActionMask = 2147483647;
			files = (
			);
			inputPaths = (
			);
			name = "[CP] Embed Pods Frameworks";
			outputPaths = (
			);
			runOnlyForDeploymentPostprocessing = 0;
			shellPath = /bin/sh;
			shellScript = "\"${SRCROOT}/Pods/Target Support Files/Pods-GxqShareDemo/Pods-GxqShareDemo-frameworks.sh\"\n";
			showEnvVarsInLog = 0;
		};
		8C526F817B63538DE10C61E6 /* [CP] Copy Pods Resources */ = {
			isa = PBXShellScriptBuildPhase;
			buildActionMask = 2147483647;
			files = (
			);
			inputPaths = (
			);
			name = "[CP] Copy Pods Resources";
			outputPaths = (
			);
			runOnlyForDeploymentPostprocessing = 0;
			shellPath = /bin/sh;
			shellScript = "\"${SRCROOT}/Pods/Target Support Files/Pods-GxqShareDemo/Pods-GxqShareDemo-resources.sh\"\n";
			showEnvVarsInLog = 0;
		};
/* End PBXShellScriptBuildPhase section */

/* Begin PBXSourcesBuildPhase section */
		6F38710A1E8A687B0019A1E7 /* Sources */ = {
			isa = PBXSourcesBuildPhase;
			buildActionMask = 2147483647;
			files = (
				6F3871391E8E556B0019A1E7 /* XibTestView.swift in Sources */,
				6F3871141E8A687B0019A1E7 /* LanguageViewController.swift in Sources */,
				6F3871261E8A6D550019A1E7 /* TableViewController.swift in Sources */,
				6F3871371E8E4BD80019A1E7 /* DynamicBindViewController.swift in Sources */,
				6F38713D1E8E59000019A1E7 /* LifeCycleViewController.swift in Sources */,
				6F3871341E8D1D830019A1E7 /* HitTestViewController.swift in Sources */,
				6F3871121E8A687B0019A1E7 /* AppDelegate.swift in Sources */,
				6F5CCC581E962E02000A829D /* LanguageViewControllerTwo.swift in Sources */,
			);
			runOnlyForDeploymentPostprocessing = 0;
		};
		6F5CCC591E973A2A000A829D /* Sources */ = {
			isa = PBXSourcesBuildPhase;
			buildActionMask = 2147483647;
			files = (
				6F5CCC601E973A2A000A829D /* GxqShareDemoTests.swift in Sources */,
			);
			runOnlyForDeploymentPostprocessing = 0;
		};
/* End PBXSourcesBuildPhase section */

/* Begin PBXTargetDependency section */
		6F5CCC631E973A2A000A829D /* PBXTargetDependency */ = {
			isa = PBXTargetDependency;
			target = 6F38710D1E8A687B0019A1E7 /* GxqShareDemo */;
			targetProxy = 6F5CCC621E973A2A000A829D /* PBXContainerItemProxy */;
		};
/* End PBXTargetDependency section */

/* Begin PBXVariantGroup section */
		6F3871151E8A687B0019A1E7 /* Main.storyboard */ = {
			isa = PBXVariantGroup;
			children = (
				6F3871161E8A687B0019A1E7 /* Base */,
			);
			name = Main.storyboard;
			sourceTree = "<group>";
		};
		6F38711A1E8A687B0019A1E7 /* LaunchScreen.storyboard */ = {
			isa = PBXVariantGroup;
			children = (
				6F38711B1E8A687B0019A1E7 /* Base */,
			);
			name = LaunchScreen.storyboard;
			sourceTree = "<group>";
		};
/* End PBXVariantGroup section */

/* Begin XCBuildConfiguration section */
		6F38711E1E8A687B0019A1E7 /* Debug */ = {
			isa = XCBuildConfiguration;
			buildSettings = {
				ALWAYS_SEARCH_USER_PATHS = NO;
				CLANG_ANALYZER_NONNULL = YES;
				CLANG_CXX_LANGUAGE_STANDARD = "gnu++0x";
				CLANG_CXX_LIBRARY = "libc++";
				CLANG_ENABLE_MODULES = YES;
				CLANG_ENABLE_OBJC_ARC = YES;
				CLANG_WARN_BOOL_CONVERSION = YES;
				CLANG_WARN_CONSTANT_CONVERSION = YES;
				CLANG_WARN_DIRECT_OBJC_ISA_USAGE = YES_ERROR;
				CLANG_WARN_DOCUMENTATION_COMMENTS = YES;
				CLANG_WARN_EMPTY_BODY = YES;
				CLANG_WARN_ENUM_CONVERSION = YES;
				CLANG_WARN_INFINITE_RECURSION = YES;
				CLANG_WARN_INT_CONVERSION = YES;
				CLANG_WARN_OBJC_ROOT_CLASS = YES_ERROR;
				CLANG_WARN_SUSPICIOUS_MOVE = YES;
				CLANG_WARN_UNREACHABLE_CODE = YES;
				CLANG_WARN__DUPLICATE_METHOD_MATCH = YES;
				"CODE_SIGN_IDENTITY[sdk=iphoneos*]" = "iPhone Developer";
				COPY_PHASE_STRIP = NO;
				DEBUG_INFORMATION_FORMAT = dwarf;
				ENABLE_STRICT_OBJC_MSGSEND = YES;
				ENABLE_TESTABILITY = YES;
				GCC_C_LANGUAGE_STANDARD = gnu99;
				GCC_DYNAMIC_NO_PIC = NO;
				GCC_NO_COMMON_BLOCKS = YES;
				GCC_OPTIMIZATION_LEVEL = 0;
				GCC_PREPROCESSOR_DEFINITIONS = (
					"DEBUG=1",
					"$(inherited)",
				);
				GCC_WARN_64_TO_32_BIT_CONVERSION = YES;
				GCC_WARN_ABOUT_RETURN_TYPE = YES_ERROR;
				GCC_WARN_UNDECLARED_SELECTOR = YES;
				GCC_WARN_UNINITIALIZED_AUTOS = YES_AGGRESSIVE;
				GCC_WARN_UNUSED_FUNCTION = YES;
				GCC_WARN_UNUSED_VARIABLE = YES;
				IPHONEOS_DEPLOYMENT_TARGET = 9.0;
				MTL_ENABLE_DEBUG_INFO = YES;
				ONLY_ACTIVE_ARCH = YES;
				SDKROOT = iphoneos;
				SWIFT_ACTIVE_COMPILATION_CONDITIONS = DEBUG;
				SWIFT_OPTIMIZATION_LEVEL = "-Onone";
				TARGETED_DEVICE_FAMILY = "1,2";
			};
			name = Debug;
		};
		6F38711F1E8A687B0019A1E7 /* Release */ = {
			isa = XCBuildConfiguration;
			buildSettings = {
				ALWAYS_SEARCH_USER_PATHS = NO;
				CLANG_ANALYZER_NONNULL = YES;
				CLANG_CXX_LANGUAGE_STANDARD = "gnu++0x";
				CLANG_CXX_LIBRARY = "libc++";
				CLANG_ENABLE_MODULES = YES;
				CLANG_ENABLE_OBJC_ARC = YES;
				CLANG_WARN_BOOL_CONVERSION = YES;
				CLANG_WARN_CONSTANT_CONVERSION = YES;
				CLANG_WARN_DIRECT_OBJC_ISA_USAGE = YES_ERROR;
				CLANG_WARN_DOCUMENTATION_COMMENTS = YES;
				CLANG_WARN_EMPTY_BODY = YES;
				CLANG_WARN_ENUM_CONVERSION = YES;
				CLANG_WARN_INFINITE_RECURSION = YES;
				CLANG_WARN_INT_CONVERSION = YES;
				CLANG_WARN_OBJC_ROOT_CLASS = YES_ERROR;
				CLANG_WARN_SUSPICIOUS_MOVE = YES;
				CLANG_WARN_UNREACHABLE_CODE = YES;
				CLANG_WARN__DUPLICATE_METHOD_MATCH = YES;
				"CODE_SIGN_IDENTITY[sdk=iphoneos*]" = "iPhone Developer";
				COPY_PHASE_STRIP = NO;
				DEBUG_INFORMATION_FORMAT = "dwarf-with-dsym";
				ENABLE_NS_ASSERTIONS = NO;
				ENABLE_STRICT_OBJC_MSGSEND = YES;
				GCC_C_LANGUAGE_STANDARD = gnu99;
				GCC_NO_COMMON_BLOCKS = YES;
				GCC_WARN_64_TO_32_BIT_CONVERSION = YES;
				GCC_WARN_ABOUT_RETURN_TYPE = YES_ERROR;
				GCC_WARN_UNDECLARED_SELECTOR = YES;
				GCC_WARN_UNINITIALIZED_AUTOS = YES_AGGRESSIVE;
				GCC_WARN_UNUSED_FUNCTION = YES;
				GCC_WARN_UNUSED_VARIABLE = YES;
				IPHONEOS_DEPLOYMENT_TARGET = 9.0;
				MTL_ENABLE_DEBUG_INFO = NO;
				SDKROOT = iphoneos;
				SWIFT_OPTIMIZATION_LEVEL = "-Owholemodule";
				TARGETED_DEVICE_FAMILY = "1,2";
				VALIDATE_PRODUCT = YES;
			};
			name = Release;
		};
		6F3871211E8A687B0019A1E7 /* Debug */ = {
			isa = XCBuildConfiguration;
			baseConfigurationReference = 7996BFBA0EAD81087CDA30A6 /* Pods-GxqShareDemo.debug.xcconfig */;
			buildSettings = {
				ASSETCATALOG_COMPILER_APPICON_NAME = AppIcon;
				INFOPLIST_FILE = GxqShareDemo/Info.plist;
				LD_RUNPATH_SEARCH_PATHS = "$(inherited) @executable_path/Frameworks";
				PRODUCT_BUNDLE_IDENTIFIER = com.yang.GxqShareDemo;
				PRODUCT_NAME = "$(TARGET_NAME)";
				SWIFT_VERSION = 3.0;
			};
			name = Debug;
		};
		6F3871221E8A687B0019A1E7 /* Release */ = {
			isa = XCBuildConfiguration;
			baseConfigurationReference = EDDC198574E09BA832223670 /* Pods-GxqShareDemo.release.xcconfig */;
			buildSettings = {
				ASSETCATALOG_COMPILER_APPICON_NAME = AppIcon;
				INFOPLIST_FILE = GxqShareDemo/Info.plist;
				LD_RUNPATH_SEARCH_PATHS = "$(inherited) @executable_path/Frameworks";
				PRODUCT_BUNDLE_IDENTIFIER = com.yang.GxqShareDemo;
				PRODUCT_NAME = "$(TARGET_NAME)";
				SWIFT_VERSION = 3.0;
			};
			name = Release;
		};
		6F5CCC641E973A2A000A829D /* Debug */ = {
			isa = XCBuildConfiguration;
			buildSettings = {
				BUNDLE_LOADER = "$(TEST_HOST)";
				INFOPLIST_FILE = GxqShareDemoTests/Info.plist;
				IPHONEOS_DEPLOYMENT_TARGET = 10.2;
				LD_RUNPATH_SEARCH_PATHS = "$(inherited) @executable_path/Frameworks @loader_path/Frameworks";
				PRODUCT_BUNDLE_IDENTIFIER = com.yang.GxqShareDemoTests;
				PRODUCT_NAME = "$(TARGET_NAME)";
				SWIFT_VERSION = 3.0;
				TEST_HOST = "$(BUILT_PRODUCTS_DIR)/GxqShareDemo.app/GxqShareDemo";
			};
			name = Debug;
		};
		6F5CCC651E973A2A000A829D /* Release */ = {
			isa = XCBuildConfiguration;
			buildSettings = {
				BUNDLE_LOADER = "$(TEST_HOST)";
				INFOPLIST_FILE = GxqShareDemoTests/Info.plist;
				IPHONEOS_DEPLOYMENT_TARGET = 10.2;
				LD_RUNPATH_SEARCH_PATHS = "$(inherited) @executable_path/Frameworks @loader_path/Frameworks";
				PRODUCT_BUNDLE_IDENTIFIER = com.yang.GxqShareDemoTests;
				PRODUCT_NAME = "$(TARGET_NAME)";
				SWIFT_VERSION = 3.0;
				TEST_HOST = "$(BUILT_PRODUCTS_DIR)/GxqShareDemo.app/GxqShareDemo";
			};
			name = Release;
		};
/* End XCBuildConfiguration section */

/* Begin XCConfigurationList section */
		6F3871091E8A687B0019A1E7 /* Build configuration list for PBXProject "GxqShareDemo" */ = {
			isa = XCConfigurationList;
			buildConfigurations = (
				6F38711E1E8A687B0019A1E7 /* Debug */,
				6F38711F1E8A687B0019A1E7 /* Release */,
			);
			defaultConfigurationIsVisible = 0;
			defaultConfigurationName = Release;
		};
		6F3871201E8A687B0019A1E7 /* Build configuration list for PBXNativeTarget "GxqShareDemo" */ = {
			isa = XCConfigurationList;
			buildConfigurations = (
				6F3871211E8A687B0019A1E7 /* Debug */,
				6F3871221E8A687B0019A1E7 /* Release */,
			);
			defaultConfigurationIsVisible = 0;
			defaultConfigurationName = Release;
		};
		6F5CCC661E973A2A000A829D /* Build configuration list for PBXNativeTarget "GxqShareDemoTests" */ = {
			isa = XCConfigurationList;
			buildConfigurations = (
				6F5CCC641E973A2A000A829D /* Debug */,
				6F5CCC651E973A2A000A829D /* Release */,
			);
			defaultConfigurationIsVisible = 0;
		};
/* End XCConfigurationList section */
	};
	rootObject = 6F3871061E8A687B0019A1E7 /* Project object */;
}
